
Microsoft Visual Studio Solution File, Format Version 12.00
Project("{FAE04EC0-301F-11D3-BF4B-00C04F79EFBC}") = "Demo", "Demo\Demo.csproj", "{70C8E297-BAC9-4B61-9901-40E70DA88A87}"
EndProject
Global
	GlobalSection(SolutionConfigurationPlatforms) = preSolution
		Debug|Any CPU = Debug|Any CPU
		Release|Any CPU = Release|Any CPU
	EndGlobalSection
	GlobalSection(ProjectConfigurationPlatforms) = postSolution
		{70C8E297-BAC9-4B61-9901-40E70DA88A87}.Debug|Any CPU.ActiveCfg = Debug|Any CPU
		{70C8E297-BAC9-4B61-9901-40E70DA88A87}.Debug|Any CPU.Build.0 = Debug|Any CPU
		{70C8E297-BAC9-4B61-9901-40E70DA88A87}.Release|Any CPU.ActiveCfg = Release|Any CPU
		{70C8E297-BAC9-4B61-9901-40E70DA88A87}.Release|Any CPU.Build.0 = Release|Any CPU
	EndGlobalSection
EndGlobal
